
Microsoft Visual Studio Solution File, Format Version 12.00
# Visual Studio Version 17
VisualStudioVersion = 17.11.35312.102
MinimumVisualStudioVersion = 10.0.40219.1
Project("{9A19103F-16F7-4668-BE54-9A1E7A4F7556}") = "BackendWebBanLinhKien", "BackendWebBanLinhKien\BackendWebBanLinhKien.csproj", "{9F85B480-DA57-4BEF-90D9-0776CF01B9B3}"
EndProject
Global
	GlobalSection(SolutionConfigurationPlatforms) = preSolution
		Debug|Any CPU = Debug|Any CPU
		Release|Any CPU = Release|Any CPU
	EndGlobalSection
	GlobalSection(ProjectConfigurationPlatforms) = postSolution
		{9F85B480-DA57-4BEF-90D9-0776CF01B9B3}.Debug|Any CPU.ActiveCfg = Debug|Any CPU
		{9F85B480-DA57-4BEF-90D9-0776CF01B9B3}.Debug|Any CPU.Build.0 = Debug|Any CPU
		{9F85B480-DA57-4BEF-90D9-0776CF01B9B3}.Release|Any CPU.ActiveCfg = Release|Any CPU
		{9F85B480-DA57-4BEF-90D9-0776CF01B9B3}.Release|Any CPU.Build.0 = Release|Any CPU
	EndGlobalSection
	GlobalSection(SolutionProperties) = preSolution
		HideSolutionNode = FALSE
	EndGlobalSection
	GlobalSection(ExtensibilityGlobals) = postSolution
		SolutionGuid = {42E75D32-ABC4-4360-A205-9D2E538C5297}
	EndGlobalSection
EndGlobal
